
Microsoft Visual Studio Solution File, Format Version 12.00
Project("{FAE04EC0-301F-11D3-BF4B-00C04F79EFBC}") = "GitIssuer.Host", "GitIssuer.Host\GitIssuer.Host.csproj", "{196BB7AA-DD68-4164-9630-1AF433714631}"
EndProject
Project("{FAE04EC0-301F-11D3-BF4B-00C04F79EFBC}") = "GitIssuer.Api", "GitIssuer.Api\GitIssuer.Api.csproj", "{A48B8950-9E30-4994-B4B9-789D05095857}"
EndProject
Project("{FAE04EC0-301F-11D3-BF4B-00C04F79EFBC}") = "GitIssuer.Application", "GitIssuer.Application\GitIssuer.Application.csproj", "{C85B5CA7-8B3A-4C49-A736-BC815839D8D4}"
EndProject
Project("{FAE04EC0-301F-11D3-BF4B-00C04F79EFBC}") = "GitIssuer.Domain", "GitIssuer.Domain\GitIssuer.Domain.csproj", "{00FF717D-1108-4897-84AB-0E9449764FC9}"
EndProject
Project("{FAE04EC0-301F-11D3-BF4B-00C04F79EFBC}") = "GitIssuer.Infrastructure", "GitIssuer.Infrastructure\GitIssuer.Infrastructure.csproj", "{12A8FEF2-368F-4DE6-847E-96819632BF47}"
EndProject
Project("{FAE04EC0-301F-11D3-BF4B-00C04F79EFBC}") = "GitIssuer.Provider", "GitIssuer.Provider\GitIssuer.Provider.csproj", "{E2910D0E-9601-49AC-AA1F-82FCF861AC7E}"
EndProject
Global
	GlobalSection(SolutionConfigurationPlatforms) = preSolution
		Debug|Any CPU = Debug|Any CPU
		Release|Any CPU = Release|Any CPU
	EndGlobalSection
	GlobalSection(ProjectConfigurationPlatforms) = postSolution
		{196BB7AA-DD68-4164-9630-1AF433714631}.Debug|Any CPU.ActiveCfg = Debug|Any CPU
		{196BB7AA-DD68-4164-9630-1AF433714631}.Debug|Any CPU.Build.0 = Debug|Any CPU
		{196BB7AA-DD68-4164-9630-1AF433714631}.Release|Any CPU.ActiveCfg = Release|Any CPU
		{196BB7AA-DD68-4164-9630-1AF433714631}.Release|Any CPU.Build.0 = Release|Any CPU
		{A48B8950-9E30-4994-B4B9-789D05095857}.Debug|Any CPU.ActiveCfg = Debug|Any CPU
		{A48B8950-9E30-4994-B4B9-789D05095857}.Debug|Any CPU.Build.0 = Debug|Any CPU
		{A48B8950-9E30-4994-B4B9-789D05095857}.Release|Any CPU.ActiveCfg = Release|Any CPU
		{A48B8950-9E30-4994-B4B9-789D05095857}.Release|Any CPU.Build.0 = Release|Any CPU
		{C85B5CA7-8B3A-4C49-A736-BC815839D8D4}.Debug|Any CPU.ActiveCfg = Debug|Any CPU
		{C85B5CA7-8B3A-4C49-A736-BC815839D8D4}.Debug|Any CPU.Build.0 = Debug|Any CPU
		{C85B5CA7-8B3A-4C49-A736-BC815839D8D4}.Release|Any CPU.ActiveCfg = Release|Any CPU
		{C85B5CA7-8B3A-4C49-A736-BC815839D8D4}.Release|Any CPU.Build.0 = Release|Any CPU
		{00FF717D-1108-4897-84AB-0E9449764FC9}.Debug|Any CPU.ActiveCfg = Debug|Any CPU
		{00FF717D-1108-4897-84AB-0E9449764FC9}.Debug|Any CPU.Build.0 = Debug|Any CPU
		{00FF717D-1108-4897-84AB-0E9449764FC9}.Release|Any CPU.ActiveCfg = Release|Any CPU
		{00FF717D-1108-4897-84AB-0E9449764FC9}.Release|Any CPU.Build.0 = Release|Any CPU
		{12A8FEF2-368F-4DE6-847E-96819632BF47}.Debug|Any CPU.ActiveCfg = Debug|Any CPU
		{12A8FEF2-368F-4DE6-847E-96819632BF47}.Debug|Any CPU.Build.0 = Debug|Any CPU
		{12A8FEF2-368F-4DE6-847E-96819632BF47}.Release|Any CPU.ActiveCfg = Release|Any CPU
		{12A8FEF2-368F-4DE6-847E-96819632BF47}.Release|Any CPU.Build.0 = Release|Any CPU
		{E2910D0E-9601-49AC-AA1F-82FCF861AC7E}.Debug|Any CPU.ActiveCfg = Debug|Any CPU
		{E2910D0E-9601-49AC-AA1F-82FCF861AC7E}.Debug|Any CPU.Build.0 = Debug|Any CPU
		{E2910D0E-9601-49AC-AA1F-82FCF861AC7E}.Release|Any CPU.ActiveCfg = Release|Any CPU
		{E2910D0E-9601-49AC-AA1F-82FCF861AC7E}.Release|Any CPU.Build.0 = Release|Any CPU
	EndGlobalSection
EndGlobal
